
Microsoft Visual Studio Solution File, Format Version 12.00
# Visual Studio Version 16
VisualStudioVersion = 16.0.30225.117
MinimumVisualStudioVersion = 10.0.40219.1
Project("{9A19103F-16F7-4668-BE54-9A1E7A4F7556}") = "IanusGlobalServiceApi", "IanusGlobalServiceApi.csproj", "{4239441B-330C-4E47-B44D-628F8D436AC7}"
EndProject
Global
	GlobalSection(SolutionConfigurationPlatforms) = preSolution
		Debug|Any CPU = Debug|Any CPU
		Release|Any CPU = Release|Any CPU
	EndGlobalSection
	GlobalSection(ProjectConfigurationPlatforms) = postSolution
		{4239441B-330C-4E47-B44D-628F8D436AC7}.Debug|Any CPU.ActiveCfg = Debug|Any CPU
		{4239441B-330C-4E47-B44D-628F8D436AC7}.Debug|Any CPU.Build.0 = Debug|Any CPU
		{4239441B-330C-4E47-B44D-628F8D436AC7}.Release|Any CPU.ActiveCfg = Release|Any CPU
		{4239441B-330C-4E47-B44D-628F8D436AC7}.Release|Any CPU.Build.0 = Release|Any CPU
	EndGlobalSection
	GlobalSection(SolutionProperties) = preSolution
		HideSolutionNode = FALSE
	EndGlobalSection
	GlobalSection(ExtensibilityGlobals) = postSolution
		SolutionGuid = {66CB3EE9-D489-4456-84A6-4179443A86FD}
	EndGlobalSection
	GlobalSection(TeamFoundationVersionControl) = preSolution
		SccNumberOfProjects = 2
		SccEnterpriseProvider = {4CA58AB2-18FA-4F8D-95D4-32DDF27D184C}
		SccTeamFoundationServer = http://tfs.xoontec.vn:8080/tfs/defaultcollection
		SccLocalPath0 = .
		SccProjectUniqueName1 = IanusGlobalServiceApi.csproj
		SccLocalPath1 = .
	EndGlobalSection
EndGlobal
